{
  "version": 4,
  "terraform_version": "0.12.0",
  "serial": 7,
  "lineage": "f263f3aa-2b67-0335-b9d9-3dd1e0f5bb58",
  "outputs": {
    "external_ip_address_app": {
      "value": "84.252.131.107",
      "type": "string"
    }
  },
  "resources": [
    {
      "mode": "managed",
      "type": "yandex_compute_instance",
      "name": "app",
      "provider": "provider.yandex",
      "instances": [
        {
          "schema_version": 1,
          "attributes": {
            "allow_stopping_for_update": null,
            "boot_disk": [
              {
                "auto_delete": true,
                "device_name": "fhm4uage1ekim2g11ejf",
                "disk_id": "fhm4uage1ekim2g11ejf",
                "initialize_params": [
                  {
                    "description": "",
                    "image_id": "fd80u6vj9g86lreh13ss",
                    "name": "",
                    "size": 50,
                    "snapshot_id": "",
                    "type": "network-hdd"
                  }
                ],
                "mode": "READ_WRITE"
              }
            ],
            "created_at": "2021-02-14T12:32:23Z",
            "description": "",
            "folder_id": "b1gjglol49ga8tkukjdk",
            "fqdn": "fhm26dfp57m5mqmms1ji.auto.internal",
            "hostname": "fhm26dfp57m5mqmms1ji",
            "id": "fhm26dfp57m5mqmms1ji",
            "labels": null,
            "metadata": {
              "ssh-keys": "ubuntu:ssh-rsa AAAAB3NzaC1yc2EAAAADAQABAAABgQCyecgME1gdovxDqDgZegchcvdjgOPA2jsnHQySyu1Q82QBnKfUEBdvT9fW4pBaZCbBcVCEtHzeZQlV1EZn5Le57jlL2ShBlguxCbnR9QhvSccZc9B4yyy/7mHiNsetCdOfPjG5MO013q3GTN6/zgkDggB4bGWZiq0NHeOgMOH7nFkOH58a9csENsRFTKU+0ygVdPMqmejSHWdmNuIGLy06g/P9LU918RhayB2juiUw6WGmWWpgXTco7HiWXZuMzAZjnfjJBPRcMmGhr3QNWmWuPRDkiJThB0ExW4yzMOODyfHZEE453Q1G54eBQ3xP0/9d+1CXyTTLOK7RfSvzrTjeeist0LkP+tLhKx5TgPNfRLXBLm2kgVWUGeXV7Rk1lDjHdaHq4isaA7FKdatvQ9hmEyom9Mvu4+IbViUnm5g7xZTE9ww04zBXt8HIEZ9N4Rt1LJ/PqrV94+LRR561yJPrQ5+7QgwPvUTEGMq8SI4W3/YfpNiiP+eCl08M0rRrgGs= albert@admin\n"
            },
            "name": "node-1",
            "network_acceleration_type": "standard",
            "network_interface": [
              {
                "index": 0,
                "ip_address": "10.130.0.29",
                "ipv4": true,
                "ipv6": false,
                "ipv6_address": "",
                "mac_address": "d0:0d:23:35:f9:29",
                "nat": true,
                "nat_ip_address": "84.252.131.107",
                "nat_ip_version": "IPV4",
                "security_group_ids": [],
                "subnet_id": "e9b89d2081ld96eaa9pv"
              }
            ],
            "placement_policy": [
              {
                "placement_group_id": ""
              }
            ],
            "platform_id": "standard-v1",
            "resources": [
              {
                "core_fraction": 100,
                "cores": 2,
                "gpus": 0,
                "memory": 2
              }
            ],
            "scheduling_policy": [
              {
                "preemptible": false
              }
            ],
            "secondary_disk": [],
            "service_account_id": "",
            "status": "running",
            "timeouts": null,
            "zone": "ru-central1-a"
          }
        }
      ]
    }
  ]
}
